
Microsoft Visual Studio Solution File, Format Version 12.00
# Visual Studio 2013
VisualStudioVersion = 12.0.21005.1
MinimumVisualStudioVersion = 10.0.40219.1
Project("{B1E792BE-AA5F-4E3C-8C82-674BF9C0715B}") = "TwinCAT_SMS", "TwinCAT_SMS\TwinCAT_SMS.tsproj", "{E8C61C51-30F4-4DCE-B7A7-FC63B1A84FF8}"
EndProject
Global
	GlobalSection(SolutionConfigurationPlatforms) = preSolution
		Debug|TwinCAT CE7 (ARMV7) = Debug|TwinCAT CE7 (ARMV7)
		Debug|TwinCAT RT (x64) = Debug|TwinCAT RT (x64)
		Debug|TwinCAT RT (x86) = Debug|TwinCAT RT (x86)
		Release|TwinCAT CE7 (ARMV7) = Release|TwinCAT CE7 (ARMV7)
		Release|TwinCAT RT (x64) = Release|TwinCAT RT (x64)
		Release|TwinCAT RT (x86) = Release|TwinCAT RT (x86)
	EndGlobalSection
	GlobalSection(ProjectConfigurationPlatforms) = postSolution
		{E8C61C51-30F4-4DCE-B7A7-FC63B1A84FF8}.Debug|TwinCAT CE7 (ARMV7).ActiveCfg = Debug|TwinCAT CE7 (ARMV7)
		{E8C61C51-30F4-4DCE-B7A7-FC63B1A84FF8}.Debug|TwinCAT CE7 (ARMV7).Build.0 = Debug|TwinCAT CE7 (ARMV7)
		{E8C61C51-30F4-4DCE-B7A7-FC63B1A84FF8}.Debug|TwinCAT RT (x64).ActiveCfg = Debug|TwinCAT RT (x64)
		{E8C61C51-30F4-4DCE-B7A7-FC63B1A84FF8}.Debug|TwinCAT RT (x64).Build.0 = Debug|TwinCAT RT (x64)
		{E8C61C51-30F4-4DCE-B7A7-FC63B1A84FF8}.Debug|TwinCAT RT (x86).ActiveCfg = Debug|TwinCAT RT (x86)
		{E8C61C51-30F4-4DCE-B7A7-FC63B1A84FF8}.Debug|TwinCAT RT (x86).Build.0 = Debug|TwinCAT RT (x86)
		{E8C61C51-30F4-4DCE-B7A7-FC63B1A84FF8}.Release|TwinCAT CE7 (ARMV7).ActiveCfg = Release|TwinCAT CE7 (ARMV7)
		{E8C61C51-30F4-4DCE-B7A7-FC63B1A84FF8}.Release|TwinCAT CE7 (ARMV7).Build.0 = Release|TwinCAT CE7 (ARMV7)
		{E8C61C51-30F4-4DCE-B7A7-FC63B1A84FF8}.Release|TwinCAT RT (x64).ActiveCfg = Release|TwinCAT RT (x64)
		{E8C61C51-30F4-4DCE-B7A7-FC63B1A84FF8}.Release|TwinCAT RT (x64).Build.0 = Release|TwinCAT RT (x64)
		{E8C61C51-30F4-4DCE-B7A7-FC63B1A84FF8}.Release|TwinCAT RT (x86).ActiveCfg = Release|TwinCAT RT (x86)
		{E8C61C51-30F4-4DCE-B7A7-FC63B1A84FF8}.Release|TwinCAT RT (x86).Build.0 = Release|TwinCAT RT (x86)
		{E0110337-EE21-4CF8-8FB2-2F3D020F4C5E}.Debug|TwinCAT CE7 (ARMV7).ActiveCfg = Debug|TwinCAT CE7 (ARMV7)
		{E0110337-EE21-4CF8-8FB2-2F3D020F4C5E}.Debug|TwinCAT CE7 (ARMV7).Build.0 = Debug|TwinCAT CE7 (ARMV7)
		{E0110337-EE21-4CF8-8FB2-2F3D020F4C5E}.Debug|TwinCAT RT (x64).ActiveCfg = Debug|TwinCAT RT (x64)
		{E0110337-EE21-4CF8-8FB2-2F3D020F4C5E}.Debug|TwinCAT RT (x64).Build.0 = Debug|TwinCAT RT (x64)
		{E0110337-EE21-4CF8-8FB2-2F3D020F4C5E}.Debug|TwinCAT RT (x86).ActiveCfg = Debug|TwinCAT RT (x86)
		{E0110337-EE21-4CF8-8FB2-2F3D020F4C5E}.Debug|TwinCAT RT (x86).Build.0 = Debug|TwinCAT RT (x86)
		{E0110337-EE21-4CF8-8FB2-2F3D020F4C5E}.Release|TwinCAT CE7 (ARMV7).ActiveCfg = Release|TwinCAT CE7 (ARMV7)
		{E0110337-EE21-4CF8-8FB2-2F3D020F4C5E}.Release|TwinCAT CE7 (ARMV7).Build.0 = Release|TwinCAT CE7 (ARMV7)
		{E0110337-EE21-4CF8-8FB2-2F3D020F4C5E}.Release|TwinCAT RT (x64).ActiveCfg = Release|TwinCAT RT (x64)
		{E0110337-EE21-4CF8-8FB2-2F3D020F4C5E}.Release|TwinCAT RT (x64).Build.0 = Release|TwinCAT RT (x64)
		{E0110337-EE21-4CF8-8FB2-2F3D020F4C5E}.Release|TwinCAT RT (x86).ActiveCfg = Release|TwinCAT RT (x86)
		{E0110337-EE21-4CF8-8FB2-2F3D020F4C5E}.Release|TwinCAT RT (x86).Build.0 = Release|TwinCAT RT (x86)
	EndGlobalSection
	GlobalSection(SolutionProperties) = preSolution
		HideSolutionNode = FALSE
	EndGlobalSection
EndGlobal
